
Microsoft Visual Studio Solution File, Format Version 12.00
# Visual Studio Version 17
VisualStudioVersion = 17.14.37027.9
MinimumVisualStudioVersion = 10.0.40219.1
Project("{FAE04EC0-301F-11D3-BF4B-00C04F79EFBC}") = "EulerSolver", "EulerSolver.csproj", "{D417646E-FFAE-4110-AF76-7CA2BF8BEC98}"
EndProject
Project("{FAE04EC0-301F-11D3-BF4B-00C04F79EFBC}") = "EulerSolver.Core", "EulerSolver.Core\EulerSolver.Core.csproj", "{41EE3F5D-12F3-4264-84A5-78ED5C84B7C4}"
EndProject
Global
	GlobalSection(SolutionConfigurationPlatforms) = preSolution
		Debug|Any CPU = Debug|Any CPU
		Release|Any CPU = Release|Any CPU
	EndGlobalSection
	GlobalSection(ProjectConfigurationPlatforms) = postSolution
		{D417646E-FFAE-4110-AF76-7CA2BF8BEC98}.Debug|Any CPU.ActiveCfg = Debug|Any CPU
		{D417646E-FFAE-4110-AF76-7CA2BF8BEC98}.Debug|Any CPU.Build.0 = Debug|Any CPU
		{D417646E-FFAE-4110-AF76-7CA2BF8BEC98}.Release|Any CPU.ActiveCfg = Release|Any CPU
		{D417646E-FFAE-4110-AF76-7CA2BF8BEC98}.Release|Any CPU.Build.0 = Release|Any CPU
		{41EE3F5D-12F3-4264-84A5-78ED5C84B7C4}.Debug|Any CPU.ActiveCfg = Debug|Any CPU
		{41EE3F5D-12F3-4264-84A5-78ED5C84B7C4}.Debug|Any CPU.Build.0 = Debug|Any CPU
		{41EE3F5D-12F3-4264-84A5-78ED5C84B7C4}.Release|Any CPU.ActiveCfg = Release|Any CPU
		{41EE3F5D-12F3-4264-84A5-78ED5C84B7C4}.Release|Any CPU.Build.0 = Release|Any CPU
	EndGlobalSection
	GlobalSection(SolutionProperties) = preSolution
		HideSolutionNode = FALSE
	EndGlobalSection
	GlobalSection(ExtensibilityGlobals) = postSolution
		SolutionGuid = {675964C1-D134-4D97-A7B8-8A82949E5B86}
	EndGlobalSection
EndGlobal
